// !$*UTF8*$!
{
	archiveVersion = 1;
	classes = {
	};
	objectVersion = 45;
	objects = {

/* Begin PBXBuildFile section */
		1A2C100517026CF0004FAFA0 /* ELCAssetTablePicker.m in Sources */ = {isa = PBXBuildFile; fileRef = 1A2C0FFB17026CF0004FAFA0 /* ELCAssetTablePicker.m */; };
		1A2C100617026CF0004FAFA0 /* ELCImagePickerController.m in Sources */ = {isa = PBXBuildFile; fileRef = 1A2C0FFC17026CF0004FAFA0 /* ELCImagePickerController.m */; };
		1A2C100717026CF0004FAFA0 /* ELCAlbumPickerController.m in Sources */ = {isa = PBXBuildFile; fileRef = 1A2C0FFE17026CF0004FAFA0 /* ELCAlbumPickerController.m */; };
		1A2C100817026CF0004FAFA0 /* ELCAsset.m in Sources */ = {isa = PBXBuildFile; fileRef = 1A2C100017026CF0004FAFA0 /* ELCAsset.m */; };
		1A2C100917026CF0004FAFA0 /* ELCAssetCell.m in Sources */ = {isa = PBXBuildFile; fileRef = 1A2C100117026CF0004FAFA0 /* ELCAssetCell.m */; };
		1D60589B0D05DD56006BFB54 /* main.m in Sources */ = {isa = PBXBuildFile; fileRef = 29B97316FDCFA39411CA2CEA /* main.m */; };
		230644BC15F8C0BB007679C7 /* MainWindow-iPad.xib in Resources */ = {isa = PBXBuildFile; fileRef = 230644BB15F8C0BB007679C7 /* MainWindow-iPad.xib */; };
		28AD733F0D9D9553002E5188 /* MainWindow.xib in Resources */ = {isa = PBXBuildFile; fileRef = 28AD733E0D9D9553002E5188 /* MainWindow.xib */; };
		355B23F66A3A6DB6315350DB /* ELCAssetImageView.m in Sources */ = {isa = PBXBuildFile; fileRef = 355B230A884C7F8867EB1C16 /* ELCAssetImageView.m */; };
		355B24E80A6FA89F82DA701F /* AssetsLibrary.framework in Frameworks */ = {isa = PBXBuildFile; fileRef = 355B2F4F38B224FE39FF82C6 /* AssetsLibrary.framework */; };
		355B257CAE8F50AB07166C2D /* ELCImagePickerDemoViewController.m in Sources */ = {isa = PBXBuildFile; fileRef = 355B23368F5E44721212EA3C /* ELCImagePickerDemoViewController.m */; };
		355B259D06E28DE4583A6EC8 /* Foundation.framework in Frameworks */ = {isa = PBXBuildFile; fileRef = 355B2CD5EE318A669318DD4A /* Foundation.framework */; };
		355B25E9CA60A954624214A3 /* ELCAssetGroupCell.m in Sources */ = {isa = PBXBuildFile; fileRef = 355B2F2DA96F8476E30182E5 /* ELCAssetGroupCell.m */; };
		355B26C12A7DE7037E13C85F /* ELCImagePickerDemoAppDelegate.m in Sources */ = {isa = PBXBuildFile; fileRef = 355B20FD22E8BFF8C602B189 /* ELCImagePickerDemoAppDelegate.m */; };
		355B274BB35806C023AF834D /* ELCImagePickerDemoViewController.xib in Resources */ = {isa = PBXBuildFile; fileRef = 355B2D5875ACCA01072361C4 /* ELCImagePickerDemoViewController.xib */; };
		355B277AC30305D1AFDFDC44 /* ELCAssertCheckedImage.png in Resources */ = {isa = PBXBuildFile; fileRef = 355B2702B832998F36013371 /* ELCAssertCheckedImage.png */; };
		355B29C14B95C8F377438662 /* ELCAssertCheckedImage@2x.png in Resources */ = {isa = PBXBuildFile; fileRef = 355B282639B9FFDF77584666 /* ELCAssertCheckedImage@2x.png */; };
		355B2CC172BB910FB58F4B6D /* UIKit.framework in Frameworks */ = {isa = PBXBuildFile; fileRef = 355B2596F41237C45122479D /* UIKit.framework */; };
		355B2DEA1DB4B300D93CC219 /* CoreGraphics.framework in Frameworks */ = {isa = PBXBuildFile; fileRef = 355B2C5C20739BB03005F60B /* CoreGraphics.framework */; };
		83C6BC9714476B280064D71D /* elc-ios-icon.png in Resources */ = {isa = PBXBuildFile; fileRef = 83C6BC9514476B280064D71D /* elc-ios-icon.png */; };
		83C6BC9814476B280064D71D /* elc-ios-icon.png in Resources */ = {isa = PBXBuildFile; fileRef = 83C6BC9614476B280064D71D /* elc-ios-icon.png */; };
		A773852917562A44000B1DC8 /* Localizable.strings in Resources */ = {isa = PBXBuildFile; fileRef = A773852B17562A44000B1DC8 /* Localizable.strings */; };
/* End PBXBuildFile section */

/* Begin PBXFileReference section */
		1A2C0FFA17026CF0004FAFA0 /* ELCAssetTablePicker.h */ = {isa = PBXFileReference; fileEncoding = 4; lastKnownFileType = sourcecode.c.h; path = ELCAssetTablePicker.h; sourceTree = "<group>"; };
		1A2C0FFB17026CF0004FAFA0 /* ELCAssetTablePicker.m */ = {isa = PBXFileReference; fileEncoding = 4; lastKnownFileType = sourcecode.c.objc; path = ELCAssetTablePicker.m; sourceTree = "<group>"; };
		1A2C0FFC17026CF0004FAFA0 /* ELCImagePickerController.m */ = {isa = PBXFileReference; fileEncoding = 4; lastKnownFileType = sourcecode.c.objc; path = ELCImagePickerController.m; sourceTree = "<group>"; };
		1A2C0FFD17026CF0004FAFA0 /* ELCAlbumPickerController.h */ = {isa = PBXFileReference; fileEncoding = 4; lastKnownFileType = sourcecode.c.h; path = ELCAlbumPickerController.h; sourceTree = "<group>"; };
		1A2C0FFE17026CF0004FAFA0 /* ELCAlbumPickerController.m */ = {isa = PBXFileReference; fileEncoding = 4; lastKnownFileType = sourcecode.c.objc; path = ELCAlbumPickerController.m; sourceTree = "<group>"; };
		1A2C0FFF17026CF0004FAFA0 /* ELCAsset.h */ = {isa = PBXFileReference; fileEncoding = 4; lastKnownFileType = sourcecode.c.h; path = ELCAsset.h; sourceTree = "<group>"; };
		1A2C100017026CF0004FAFA0 /* ELCAsset.m */ = {isa = PBXFileReference; fileEncoding = 4; lastKnownFileType = sourcecode.c.objc; path = ELCAsset.m; sourceTree = "<group>"; };
		1A2C100117026CF0004FAFA0 /* ELCAssetCell.m */ = {isa = PBXFileReference; fileEncoding = 4; lastKnownFileType = sourcecode.c.objc; path = ELCAssetCell.m; sourceTree = "<group>"; };
		1A2C100217026CF0004FAFA0 /* ELCImagePickerController.h */ = {isa = PBXFileReference; fileEncoding = 4; lastKnownFileType = sourcecode.c.h; path = ELCImagePickerController.h; sourceTree = "<group>"; };
		1A2C100317026CF0004FAFA0 /* ELCAssetCell.h */ = {isa = PBXFileReference; fileEncoding = 4; lastKnownFileType = sourcecode.c.h; path = ELCAssetCell.h; sourceTree = "<group>"; };
		1D6058910D05DD3D006BFB54 /* ELCImagePickerDemo.app */ = {isa = PBXFileReference; explicitFileType = wrapper.application; includeInIndex = 0; path = ELCImagePickerDemo.app; sourceTree = BUILT_PRODUCTS_DIR; };
		230644B815F8A5A6007679C7 /* ELCAssetSelectionDelegate.h */ = {isa = PBXFileReference; lastKnownFileType = sourcecode.c.h; path = ELCAssetSelectionDelegate.h; sourceTree = "<group>"; };
		230644BB15F8C0BB007679C7 /* MainWindow-iPad.xib */ = {isa = PBXFileReference; lastKnownFileType = file.xib; name = "MainWindow-iPad.xib"; path = "iPad/MainWindow-iPad.xib"; sourceTree = "<group>"; };
		28AD733E0D9D9553002E5188 /* MainWindow.xib */ = {isa = PBXFileReference; lastKnownFileType = file.xib; name = MainWindow.xib; path = ../../../MainWindow.xib; sourceTree = "<group>"; };
		29B97316FDCFA39411CA2CEA /* main.m */ = {isa = PBXFileReference; fileEncoding = 4; lastKnownFileType = sourcecode.c.objc; path = main.m; sourceTree = "<group>"; };
		32CA4F630368D1EE00C91783 /* ELCImagePickerDemo_Prefix.pch */ = {isa = PBXFileReference; fileEncoding = 4; lastKnownFileType = sourcecode.c.h; path = ELCImagePickerDemo_Prefix.pch; sourceTree = "<group>"; };
		355B20FD22E8BFF8C602B189 /* ELCImagePickerDemoAppDelegate.m */ = {isa = PBXFileReference; fileEncoding = 4; lastKnownFileType = sourcecode.c.objc; path = ELCImagePickerDemoAppDelegate.m; sourceTree = "<group>"; };
		355B230A884C7F8867EB1C16 /* ELCAssetImageView.m */ = {isa = PBXFileReference; fileEncoding = 4; lastKnownFileType = sourcecode.c.objc; path = ELCAssetImageView.m; sourceTree = "<group>"; };
		355B23353E07C8DCC87DF904 /* ELCAssetImageView.h */ = {isa = PBXFileReference; fileEncoding = 4; lastKnownFileType = sourcecode.c.h; path = ELCAssetImageView.h; sourceTree = "<group>"; };
		355B23368F5E44721212EA3C /* ELCImagePickerDemoViewController.m */ = {isa = PBXFileReference; fileEncoding = 4; lastKnownFileType = sourcecode.c.objc; path = ELCImagePickerDemoViewController.m; sourceTree = "<group>"; };
		355B24AD16DCC65A7202B453 /* ELCImagePickerDemoViewController.h */ = {isa = PBXFileReference; fileEncoding = 4; lastKnownFileType = sourcecode.c.h; path = ELCImagePickerDemoViewController.h; sourceTree = "<group>"; };
		355B2596F41237C45122479D /* UIKit.framework */ = {isa = PBXFileReference; lastKnownFileType = wrapper.framework; name = UIKit.framework; path = ../../../../../Applications/Xcode.app/Contents/Developer/Platforms/iPhoneSimulator.platform/Developer/SDKs/iPhoneSimulator7.0.sdk/System/Library/Frameworks/UIKit.framework; sourceTree = "<group>"; };
		355B2605C398F59AFEF093E5 /* ELCAssetGroupCell.h */ = {isa = PBXFileReference; fileEncoding = 4; lastKnownFileType = sourcecode.c.h; path = ELCAssetGroupCell.h; sourceTree = "<group>"; };
		355B2702B832998F36013371 /* ELCAssertCheckedImage.png */ = {isa = PBXFileReference; lastKnownFileType = image.png; path = ELCAssertCheckedImage.png; sourceTree = "<group>"; };
		355B282639B9FFDF77584666 /* ELCAssertCheckedImage@2x.png */ = {isa = PBXFileReference; lastKnownFileType = image.png; path = "ELCAssertCheckedImage@2x.png"; sourceTree = "<group>"; };
		355B286279D0BEB04C067A43 /* ELCImagePickerDemoAppDelegate.h */ = {isa = PBXFileReference; fileEncoding = 4; lastKnownFileType = sourcecode.c.h; path = ELCImagePickerDemoAppDelegate.h; sourceTree = "<group>"; };
		355B2C5C20739BB03005F60B /* CoreGraphics.framework */ = {isa = PBXFileReference; lastKnownFileType = wrapper.framework; name = CoreGraphics.framework; path = ../../../../../Applications/Xcode.app/Contents/Developer/Platforms/iPhoneSimulator.platform/Developer/SDKs/iPhoneSimulator7.0.sdk/System/Library/Frameworks/CoreGraphics.framework; sourceTree = "<group>"; };
		355B2CD5EE318A669318DD4A /* Foundation.framework */ = {isa = PBXFileReference; lastKnownFileType = wrapper.framework; name = Foundation.framework; path = ../../../../../Applications/Xcode.app/Contents/Developer/Platforms/iPhoneSimulator.platform/Developer/SDKs/iPhoneSimulator7.0.sdk/System/Library/Frameworks/Foundation.framework; sourceTree = "<group>"; };
		355B2D5875ACCA01072361C4 /* ELCImagePickerDemoViewController.xib */ = {isa = PBXFileReference; lastKnownFileType = file.xib; path = ELCImagePickerDemoViewController.xib; sourceTree = "<group>"; };
		355B2F2DA96F8476E30182E5 /* ELCAssetGroupCell.m */ = {isa = PBXFileReference; fileEncoding = 4; lastKnownFileType = sourcecode.c.objc; path = ELCAssetGroupCell.m; sourceTree = "<group>"; };
		355B2F4F38B224FE39FF82C6 /* AssetsLibrary.framework */ = {isa = PBXFileReference; lastKnownFileType = wrapper.framework; name = AssetsLibrary.framework; path = ../../../../../Applications/Xcode.app/Contents/Developer/Platforms/iPhoneSimulator.platform/Developer/SDKs/iPhoneSimulator7.0.sdk/System/Library/Frameworks/AssetsLibrary.framework; sourceTree = "<group>"; };
		83C6BC9514476B280064D71D /* elc-ios-icon.png */ = {isa = PBXFileReference; lastKnownFileType = image.png; name = "elc-ios-icon.png"; path = "../../../elc-ios-icon.png"; sourceTree = "<group>"; };
		83C6BC9614476B280064D71D /* elc-ios-icon.png */ = {isa = PBXFileReference; lastKnownFileType = image.png; name = "elc-ios-icon.png"; path = "../../../elc-ios-icon.png"; sourceTree = "<group>"; };
		8D1107310486CEB800E47090 /* ELCImagePickerDemo-Info.plist */ = {isa = PBXFileReference; fileEncoding = 4; lastKnownFileType = text.plist.xml; name = "ELCImagePickerDemo-Info.plist"; path = "../../../ELCImagePickerDemo-Info.plist"; plistStructureDefinitionIdentifier = "com.apple.xcode.plist.structure-definition.iphone.info-plist"; sourceTree = "<group>"; };
		A773852A17562A44000B1DC8 /* en */ = {isa = PBXFileReference; lastKnownFileType = file; name = en; path = en.lproj/Localizable.strings; sourceTree = "<group>"; };
		A773852C17562A47000B1DC8 /* fr */ = {isa = PBXFileReference; lastKnownFileType = file; name = fr; path = fr.lproj/Localizable.strings; sourceTree = "<group>"; };
		A773852E17562A4C000B1DC8 /* de */ = {isa = PBXFileReference; lastKnownFileType = text.plist.strings; name = de; path = de.lproj/Localizable.strings; sourceTree = "<group>"; };
		A773852F17562A4D000B1DC8 /* es */ = {isa = PBXFileReference; lastKnownFileType = file; name = es; path = es.lproj/Localizable.strings; sourceTree = "<group>"; };
		A773853017562A4E000B1DC8 /* pt */ = {isa = PBXFileReference; lastKnownFileType = file; name = pt; path = pt.lproj/Localizable.strings; sourceTree = "<group>"; };
		A773853117562A4F000B1DC8 /* ru */ = {isa = PBXFileReference; lastKnownFileType = file; name = ru; path = ru.lproj/Localizable.strings; sourceTree = "<group>"; };
		A773853217562A4F000B1DC8 /* nl */ = {isa = PBXFileReference; lastKnownFileType = file; name = nl; path = nl.lproj/Localizable.strings; sourceTree = "<group>"; };
		A773853317562A50000B1DC8 /* ro */ = {isa = PBXFileReference; lastKnownFileType = file; name = ro; path = ro.lproj/Localizable.strings; sourceTree = "<group>"; };
		A773853417562A55000B1DC8 /* it */ = {isa = PBXFileReference; lastKnownFileType = file; name = it; path = it.lproj/Localizable.strings; sourceTree = "<group>"; };
		A773853517562A55000B1DC8 /* cs */ = {isa = PBXFileReference; lastKnownFileType = file; name = cs; path = cs.lproj/Localizable.strings; sourceTree = "<group>"; };
		A773853617562A56000B1DC8 /* hu */ = {isa = PBXFileReference; lastKnownFileType = file; name = hu; path = hu.lproj/Localizable.strings; sourceTree = "<group>"; };
/* End PBXFileReference section */

/* Begin PBXFrameworksBuildPhase section */
		1D60588F0D05DD3D006BFB54 /* Frameworks */ = {
			isa = PBXFrameworksBuildPhase;
			buildActionMask = 2147483647;
			files = (
				355B24E80A6FA89F82DA701F /* AssetsLibrary.framework in Frameworks */,
				355B2DEA1DB4B300D93CC219 /* CoreGraphics.framework in Frameworks */,
				355B259D06E28DE4583A6EC8 /* Foundation.framework in Frameworks */,
				355B2CC172BB910FB58F4B6D /* UIKit.framework in Frameworks */,
			);
			runOnlyForDeploymentPostprocessing = 0;
		};
/* End PBXFrameworksBuildPhase section */

/* Begin PBXGroup section */
		080E96DDFE201D6D7F000001 /* Classes */ = {
			isa = PBXGroup;
			children = (
				4252A0981593013500086D05 /* ELCImagePicker */,
				355B238B40272E4E57D49387 /* Demo */,
			);
			path = Classes;
			sourceTree = "<group>";
		};
		19C28FACFE9D520D11CA2CBB /* Products */ = {
			isa = PBXGroup;
			children = (
				1D6058910D05DD3D006BFB54 /* ELCImagePickerDemo.app */,
			);
			name = Products;
			sourceTree = "<group>";
		};
		230644BA15F8C0B6007679C7 /* iPad */ = {
			isa = PBXGroup;
			children = (
				230644BB15F8C0BB007679C7 /* MainWindow-iPad.xib */,
				355B2CE1B99E0A50D5D1BBF2 /* Frameworks */,
			);
			name = iPad;
			sourceTree = "<group>";
		};
		29B97314FDCFA39411CA2CEA /* CustomTemplate */ = {
			isa = PBXGroup;
			children = (
				080E96DDFE201D6D7F000001 /* Classes */,
				29B97315FDCFA39411CA2CEA /* Other Sources */,
				29B97317FDCFA39411CA2CEA /* Resources */,
				230644BA15F8C0B6007679C7 /* iPad */,
				19C28FACFE9D520D11CA2CBB /* Products */,
			);
			name = CustomTemplate;
			sourceTree = "<group>";
		};
		29B97315FDCFA39411CA2CEA /* Other Sources */ = {
			isa = PBXGroup;
			children = (
				32CA4F630368D1EE00C91783 /* ELCImagePickerDemo_Prefix.pch */,
				29B97316FDCFA39411CA2CEA /* main.m */,
			);
			name = "Other Sources";
			sourceTree = "<group>";
		};
		29B97317FDCFA39411CA2CEA /* Resources */ = {
			isa = PBXGroup;
			children = (
				83C6BC9514476B280064D71D /* elc-ios-icon.png */,
				83C6BC9614476B280064D71D /* elc-ios-icon.png */,
				28AD733E0D9D9553002E5188 /* MainWindow.xib */,
				8D1107310486CEB800E47090 /* ELCImagePickerDemo-Info.plist */,
			);
			name = Resources;
			path = Classes/ELCImagePicker/Resources;
			sourceTree = "<group>";
		};
		355B22D8D8039D0257FFEF53 /* Resources */ = {
			isa = PBXGroup;
			children = (
				355B2D5875ACCA01072361C4 /* ELCImagePickerDemoViewController.xib */,
			);
			path = Resources;
			sourceTree = "<group>";
		};
		355B238B40272E4E57D49387 /* Demo */ = {
			isa = PBXGroup;
			children = (
				355B22D8D8039D0257FFEF53 /* Resources */,
				355B24AD16DCC65A7202B453 /* ELCImagePickerDemoViewController.h */,
				355B286279D0BEB04C067A43 /* ELCImagePickerDemoAppDelegate.h */,
				355B23368F5E44721212EA3C /* ELCImagePickerDemoViewController.m */,
				355B20FD22E8BFF8C602B189 /* ELCImagePickerDemoAppDelegate.m */,
			);
			path = Demo;
			sourceTree = "<group>";
		};
		355B297EDDD307AEC0428505 /* Resources */ = {
			isa = PBXGroup;
			children = (
				A773852B17562A44000B1DC8 /* Localizable.strings */,
				355B2702B832998F36013371 /* ELCAssertCheckedImage.png */,
				355B282639B9FFDF77584666 /* ELCAssertCheckedImage@2x.png */,
			);
			path = Resources;
			sourceTree = "<group>";
		};
		355B2CE1B99E0A50D5D1BBF2 /* Frameworks */ = {
			isa = PBXGroup;
			children = (
				355B2F4F38B224FE39FF82C6 /* AssetsLibrary.framework */,
				355B2C5C20739BB03005F60B /* CoreGraphics.framework */,
				355B2CD5EE318A669318DD4A /* Foundation.framework */,
				355B2596F41237C45122479D /* UIKit.framework */,
			);
			name = Frameworks;
			sourceTree = "<group>";
		};
		4252A0981593013500086D05 /* ELCImagePicker */ = {
			isa = PBXGroup;
			children = (
				1A2C0FFD17026CF0004FAFA0 /* ELCAlbumPickerController.h */,
				1A2C0FFE17026CF0004FAFA0 /* ELCAlbumPickerController.m */,
				1A2C0FFF17026CF0004FAFA0 /* ELCAsset.h */,
				1A2C100017026CF0004FAFA0 /* ELCAsset.m */,
				1A2C100317026CF0004FAFA0 /* ELCAssetCell.h */,
				1A2C100117026CF0004FAFA0 /* ELCAssetCell.m */,
				230644B815F8A5A6007679C7 /* ELCAssetSelectionDelegate.h */,
				1A2C0FFA17026CF0004FAFA0 /* ELCAssetTablePicker.h */,
				1A2C0FFB17026CF0004FAFA0 /* ELCAssetTablePicker.m */,
				1A2C100217026CF0004FAFA0 /* ELCImagePickerController.h */,
				1A2C0FFC17026CF0004FAFA0 /* ELCImagePickerController.m */,
				355B297EDDD307AEC0428505 /* Resources */,
				355B2F2DA96F8476E30182E5 /* ELCAssetGroupCell.m */,
				355B2605C398F59AFEF093E5 /* ELCAssetGroupCell.h */,
				355B230A884C7F8867EB1C16 /* ELCAssetImageView.m */,
				355B23353E07C8DCC87DF904 /* ELCAssetImageView.h */,
			);
			path = ELCImagePicker;
			sourceTree = "<group>";
		};
/* End PBXGroup section */

/* Begin PBXNativeTarget section */
		1D6058900D05DD3D006BFB54 /* ELCImagePickerDemo */ = {
			isa = PBXNativeTarget;
			buildConfigurationList = 1D6058960D05DD3E006BFB54 /* Build configuration list for PBXNativeTarget "ELCImagePickerDemo" */;
			buildPhases = (
				1D60588D0D05DD3D006BFB54 /* Resources */,
				1D60588E0D05DD3D006BFB54 /* Sources */,
				1D60588F0D05DD3D006BFB54 /* Frameworks */,
			);
			buildRules = (
			);
			dependencies = (
			);
			name = ELCImagePickerDemo;
			productName = ELCImagePickerDemo;
			productReference = 1D6058910D05DD3D006BFB54 /* ELCImagePickerDemo.app */;
			productType = "com.apple.product-type.application";
		};
/* End PBXNativeTarget section */

/* Begin PBXProject section */
		29B97313FDCFA39411CA2CEA /* Project object */ = {
			isa = PBXProject;
			attributes = {
				ORGANIZATIONNAME = "ELC Technologies";
			};
			buildConfigurationList = C01FCF4E08A954540054247B /* Build configuration list for PBXProject "ELCImagePickerDemo" */;
			compatibilityVersion = "Xcode 3.1";
			developmentRegion = English;
			hasScannedForEncodings = 1;
			knownRegions = (
				English,
				Japanese,
				French,
				German,
				ja,
				fr,
				de,
				es,
				pt,
				ru,
				nl,
				ro,
				it,
				cs,
				hu,
			);
			mainGroup = 29B97314FDCFA39411CA2CEA /* CustomTemplate */;
			projectDirPath = "";
			projectRoot = "";
			targets = (
				1D6058900D05DD3D006BFB54 /* ELCImagePickerDemo */,
			);
		};
/* End PBXProject section */

/* Begin PBXResourcesBuildPhase section */
		1D60588D0D05DD3D006BFB54 /* Resources */ = {
			isa = PBXResourcesBuildPhase;
			buildActionMask = 2147483647;
			files = (
				28AD733F0D9D9553002E5188 /* MainWindow.xib in Resources */,
				83C6BC9714476B280064D71D /* elc-ios-icon.png in Resources */,
				83C6BC9814476B280064D71D /* elc-ios-icon.png in Resources */,
				230644BC15F8C0BB007679C7 /* MainWindow-iPad.xib in Resources */,
				A773852917562A44000B1DC8 /* Localizable.strings in Resources */,
				355B274BB35806C023AF834D /* ELCImagePickerDemoViewController.xib in Resources */,
				355B277AC30305D1AFDFDC44 /* ELCAssertCheckedImage.png in Resources */,
				355B29C14B95C8F377438662 /* ELCAssertCheckedImage@2x.png in Resources */,
			);
			runOnlyForDeploymentPostprocessing = 0;
		};
/* End PBXResourcesBuildPhase section */

/* Begin PBXSourcesBuildPhase section */
		1D60588E0D05DD3D006BFB54 /* Sources */ = {
			isa = PBXSourcesBuildPhase;
			buildActionMask = 2147483647;
			files = (
				1D60589B0D05DD56006BFB54 /* main.m in Sources */,
				1A2C100517026CF0004FAFA0 /* ELCAssetTablePicker.m in Sources */,
				1A2C100617026CF0004FAFA0 /* ELCImagePickerController.m in Sources */,
				1A2C100717026CF0004FAFA0 /* ELCAlbumPickerController.m in Sources */,
				1A2C100817026CF0004FAFA0 /* ELCAsset.m in Sources */,
				1A2C100917026CF0004FAFA0 /* ELCAssetCell.m in Sources */,
				355B257CAE8F50AB07166C2D /* ELCImagePickerDemoViewController.m in Sources */,
				355B26C12A7DE7037E13C85F /* ELCImagePickerDemoAppDelegate.m in Sources */,
				355B25E9CA60A954624214A3 /* ELCAssetGroupCell.m in Sources */,
				355B23F66A3A6DB6315350DB /* ELCAssetImageView.m in Sources */,
			);
			runOnlyForDeploymentPostprocessing = 0;
		};
/* End PBXSourcesBuildPhase section */

/* Begin PBXVariantGroup section */
		A773852B17562A44000B1DC8 /* Localizable.strings */ = {
			isa = PBXVariantGroup;
			children = (
				A773852A17562A44000B1DC8 /* en */,
				A773852C17562A47000B1DC8 /* fr */,
				A773852E17562A4C000B1DC8 /* de */,
				A773852F17562A4D000B1DC8 /* es */,
				A773853017562A4E000B1DC8 /* pt */,
				A773853117562A4F000B1DC8 /* ru */,
				A773853217562A4F000B1DC8 /* nl */,
				A773853317562A50000B1DC8 /* ro */,
				A773853417562A55000B1DC8 /* it */,
				A773853517562A55000B1DC8 /* cs */,
				A773853617562A56000B1DC8 /* hu */,
			);
			name = Localizable.strings;
			sourceTree = "<group>";
		};
/* End PBXVariantGroup section */

/* Begin XCBuildConfiguration section */
		1D6058940D05DD3E006BFB54 /* Debug */ = {
			isa = XCBuildConfiguration;
			buildSettings = {
				ALWAYS_SEARCH_USER_PATHS = NO;
				"CODE_SIGN_IDENTITY[sdk=iphoneos*]" = "iPhone Developer";
				COPY_PHASE_STRIP = NO;
				GCC_DYNAMIC_NO_PIC = NO;
				GCC_OPTIMIZATION_LEVEL = 0;
				GCC_PRECOMPILE_PREFIX_HEADER = YES;
				GCC_PREFIX_HEADER = ELCImagePickerDemo_Prefix.pch;
				INFOPLIST_FILE = "ELCImagePickerDemo-Info.plist";
				IPHONEOS_DEPLOYMENT_TARGET = 5.1;
				PRODUCT_NAME = ELCImagePickerDemo;
				"PROVISIONING_PROFILE[sdk=iphoneos*]" = "";
				TARGETED_DEVICE_FAMILY = "1,2";
			};
			name = Debug;
		};
		1D6058950D05DD3E006BFB54 /* Release */ = {
			isa = XCBuildConfiguration;
			buildSettings = {
				ALWAYS_SEARCH_USER_PATHS = NO;
				COPY_PHASE_STRIP = YES;
				GCC_PRECOMPILE_PREFIX_HEADER = YES;
				GCC_PREFIX_HEADER = ELCImagePickerDemo_Prefix.pch;
				INFOPLIST_FILE = "ELCImagePickerDemo-Info.plist";
				IPHONEOS_DEPLOYMENT_TARGET = 5.1;
				PRODUCT_NAME = ELCImagePickerDemo;
				TARGETED_DEVICE_FAMILY = "1,2";
				VALIDATE_PRODUCT = YES;
			};
			name = Release;
		};
		C01FCF4F08A954540054247B /* Debug */ = {
			isa = XCBuildConfiguration;
			buildSettings = {
				ARCHS = "$(ARCHS_STANDARD_32_BIT)";
				"CODE_SIGN_IDENTITY[sdk=iphoneos*]" = "iPhone Developer";
				GCC_C_LANGUAGE_STANDARD = c99;
				GCC_WARN_ABOUT_RETURN_TYPE = YES;
				GCC_WARN_UNUSED_VARIABLE = YES;
				PREBINDING = NO;
				SDKROOT = iphoneos;
			};
			name = Debug;
		};
		C01FCF5008A954540054247B /* Release */ = {
			isa = XCBuildConfiguration;
			buildSettings = {
				ARCHS = "$(ARCHS_STANDARD_32_BIT)";
				"CODE_SIGN_IDENTITY[sdk=iphoneos*]" = "iPhone Developer";
				GCC_C_LANGUAGE_STANDARD = c99;
				GCC_WARN_ABOUT_RETURN_TYPE = YES;
				GCC_WARN_UNUSED_VARIABLE = YES;
				OTHER_CFLAGS = "-DNS_BLOCK_ASSERTIONS=1";
				PREBINDING = NO;
				SDKROOT = iphoneos;
			};
			name = Release;
		};
/* End XCBuildConfiguration section */

/* Begin XCConfigurationList section */
		1D6058960D05DD3E006BFB54 /* Build configuration list for PBXNativeTarget "ELCImagePickerDemo" */ = {
			isa = XCConfigurationList;
			buildConfigurations = (
				1D6058940D05DD3E006BFB54 /* Debug */,
				1D6058950D05DD3E006BFB54 /* Release */,
			);
			defaultConfigurationIsVisible = 0;
			defaultConfigurationName = Release;
		};
		C01FCF4E08A954540054247B /* Build configuration list for PBXProject "ELCImagePickerDemo" */ = {
			isa = XCConfigurationList;
			buildConfigurations = (
				C01FCF4F08A954540054247B /* Debug */,
				C01FCF5008A954540054247B /* Release */,
			);
			defaultConfigurationIsVisible = 0;
			defaultConfigurationName = Release;
		};
/* End XCConfigurationList section */
	};
	rootObject = 29B97313FDCFA39411CA2CEA /* Project object */;
}
